
Microsoft Visual Studio Solution File, Format Version 12.00
# Visual Studio Version 16
VisualStudioVersion = 16.0.33529.622
MinimumVisualStudioVersion = 10.0.40219.1
Project("{F184B08F-C81C-45F6-A57F-5ABD9991F28F}") = "Proyecto Clase", "Proyecto Clase\Proyecto Clase.vbproj", "{C94F1121-9C58-43FB-8608-72CE06BF474E}"
EndProject
Global
	GlobalSection(SolutionConfigurationPlatforms) = preSolution
		Debug|Any CPU = Debug|Any CPU
		Release|Any CPU = Release|Any CPU
	EndGlobalSection
	GlobalSection(ProjectConfigurationPlatforms) = postSolution
		{C94F1121-9C58-43FB-8608-72CE06BF474E}.Debug|Any CPU.ActiveCfg = Debug|Any CPU
		{C94F1121-9C58-43FB-8608-72CE06BF474E}.Debug|Any CPU.Build.0 = Debug|Any CPU
		{C94F1121-9C58-43FB-8608-72CE06BF474E}.Release|Any CPU.ActiveCfg = Release|Any CPU
		{C94F1121-9C58-43FB-8608-72CE06BF474E}.Release|Any CPU.Build.0 = Release|Any CPU
	EndGlobalSection
	GlobalSection(SolutionProperties) = preSolution
		HideSolutionNode = FALSE
	EndGlobalSection
	GlobalSection(ExtensibilityGlobals) = postSolution
		SolutionGuid = {85C2F92A-A808-4F7A-8A2E-D970AB772909}
	EndGlobalSection
EndGlobal
